
Microsoft Visual Studio Solution File, Format Version 12.00
# Visual Studio Version 17
VisualStudioVersion = 17.10.35027.167
MinimumVisualStudioVersion = 10.0.40219.1
Project("{FAE04EC0-301F-11D3-BF4B-00C04F79EFBC}") = "Basic", "Basic\Basic.csproj", "{BBBBCF54-8207-4D00-9BA4-41694EEF384C}"
EndProject
Global
	GlobalSection(SolutionConfigurationPlatforms) = preSolution
		Debug|Any CPU = Debug|Any CPU
		Release|Any CPU = Release|Any CPU
	EndGlobalSection
	GlobalSection(ProjectConfigurationPlatforms) = postSolution
		{BBBBCF54-8207-4D00-9BA4-41694EEF384C}.Debug|Any CPU.ActiveCfg = Debug|Any CPU
		{BBBBCF54-8207-4D00-9BA4-41694EEF384C}.Debug|Any CPU.Build.0 = Debug|Any CPU
		{BBBBCF54-8207-4D00-9BA4-41694EEF384C}.Release|Any CPU.ActiveCfg = Release|Any CPU
		{BBBBCF54-8207-4D00-9BA4-41694EEF384C}.Release|Any CPU.Build.0 = Release|Any CPU
	EndGlobalSection
	GlobalSection(SolutionProperties) = preSolution
		HideSolutionNode = FALSE
	EndGlobalSection
	GlobalSection(ExtensibilityGlobals) = postSolution
		SolutionGuid = {91660C73-0A80-414E-800E-D1746CEB0D16}
	EndGlobalSection
EndGlobal
